
Microsoft Visual Studio Solution File, Format Version 12.00
# Visual Studio 14
VisualStudioVersion = 14.0.25420.1
MinimumVisualStudioVersion = 10.0.40219.1
Project("{FAE04EC0-301F-11D3-BF4B-00C04F79EFBC}") = "TSPSolver", "TSPSolver\TSPSolver\TSPSolver.csproj", "{CED2EFDB-9864-4EC5-80BD-D46E4801ECA9}"
EndProject
Project("{FAE04EC0-301F-11D3-BF4B-00C04F79EFBC}") = "TSPSolver.Droid", "TSPSolver\TSPSolver.Droid\TSPSolver.Droid.csproj", "{22008AF5-3F4D-4F27-AAB2-D70F569BFAE0}"
EndProject
Project("{FAE04EC0-301F-11D3-BF4B-00C04F79EFBC}") = "TSPSolver.iOS", "TSPSolver\TSPSolver.iOS\TSPSolver.iOS.csproj", "{15650777-A3E8-42C9-95FA-9CDCE143C46E}"
EndProject
Project("{FAE04EC0-301F-11D3-BF4B-00C04F79EFBC}") = "TSPSolver.UWP", "TSPSolver\TSPSolver.UWP\TSPSolver.UWP.csproj", "{DC608B92-9E13-46EE-A332-2FECEFCD05F8}"
EndProject
Project("{FAE04EC0-301F-11D3-BF4B-00C04F79EFBC}") = "TSPSolver.Windows", "TSPSolver\TSPSolver.Win81\TSPSolver.Windows\TSPSolver.Windows.csproj", "{5BDE141F-8579-409C-A63E-05A1F85E8C20}"
EndProject
Project("{FAE04EC0-301F-11D3-BF4B-00C04F79EFBC}") = "PortableGeneticAlgorithm", "..\..\PortableGeneticAlgorithm\PortableGeneticAlgorithm\PortableGeneticAlgorithm\PortableGeneticAlgorithm.csproj", "{F762723A-5969-46C1-BA10-C375C8F75B79}"
EndProject
Project("{FAE04EC0-301F-11D3-BF4B-00C04F79EFBC}") = "PortableTsmSolution", "..\..\PortableTsmSolution\PortableTsmSolution\PortableTsmSolution.csproj", "{359547F8-2FF3-4504-90A3-57110A89F94F}"
EndProject
Global
	GlobalSection(SolutionConfigurationPlatforms) = preSolution
		Ad-Hoc|Any CPU = Ad-Hoc|Any CPU
		Ad-Hoc|ARM = Ad-Hoc|ARM
		Ad-Hoc|iPhone = Ad-Hoc|iPhone
		Ad-Hoc|iPhoneSimulator = Ad-Hoc|iPhoneSimulator
		Ad-Hoc|x64 = Ad-Hoc|x64
		Ad-Hoc|x86 = Ad-Hoc|x86
		AppStore|Any CPU = AppStore|Any CPU
		AppStore|ARM = AppStore|ARM
		AppStore|iPhone = AppStore|iPhone
		AppStore|iPhoneSimulator = AppStore|iPhoneSimulator
		AppStore|x64 = AppStore|x64
		AppStore|x86 = AppStore|x86
		Debug|Any CPU = Debug|Any CPU
		Debug|ARM = Debug|ARM
		Debug|iPhone = Debug|iPhone
		Debug|iPhoneSimulator = Debug|iPhoneSimulator
		Debug|x64 = Debug|x64
		Debug|x86 = Debug|x86
		Release|Any CPU = Release|Any CPU
		Release|ARM = Release|ARM
		Release|iPhone = Release|iPhone
		Release|iPhoneSimulator = Release|iPhoneSimulator
		Release|x64 = Release|x64
		Release|x86 = Release|x86
	EndGlobalSection
	GlobalSection(ProjectConfigurationPlatforms) = postSolution
		{CED2EFDB-9864-4EC5-80BD-D46E4801ECA9}.Ad-Hoc|Any CPU.ActiveCfg = Release|Any CPU
		{CED2EFDB-9864-4EC5-80BD-D46E4801ECA9}.Ad-Hoc|Any CPU.Build.0 = Release|Any CPU
		{CED2EFDB-9864-4EC5-80BD-D46E4801ECA9}.Ad-Hoc|ARM.ActiveCfg = Release|Any CPU
		{CED2EFDB-9864-4EC5-80BD-D46E4801ECA9}.Ad-Hoc|ARM.Build.0 = Release|Any CPU
		{CED2EFDB-9864-4EC5-80BD-D46E4801ECA9}.Ad-Hoc|iPhone.ActiveCfg = Release|Any CPU
		{CED2EFDB-9864-4EC5-80BD-D46E4801ECA9}.Ad-Hoc|iPhone.Build.0 = Release|Any CPU
		{CED2EFDB-9864-4EC5-80BD-D46E4801ECA9}.Ad-Hoc|iPhoneSimulator.ActiveCfg = Release|Any CPU
		{CED2EFDB-9864-4EC5-80BD-D46E4801ECA9}.Ad-Hoc|iPhoneSimulator.Build.0 = Release|Any CPU
		{CED2EFDB-9864-4EC5-80BD-D46E4801ECA9}.Ad-Hoc|x64.ActiveCfg = Release|Any CPU
		{CED2EFDB-9864-4EC5-80BD-D46E4801ECA9}.Ad-Hoc|x64.Build.0 = Release|Any CPU
		{CED2EFDB-9864-4EC5-80BD-D46E4801ECA9}.Ad-Hoc|x86.ActiveCfg = Release|Any CPU
		{CED2EFDB-9864-4EC5-80BD-D46E4801ECA9}.Ad-Hoc|x86.Build.0 = Release|Any CPU
		{CED2EFDB-9864-4EC5-80BD-D46E4801ECA9}.AppStore|Any CPU.ActiveCfg = Release|Any CPU
		{CED2EFDB-9864-4EC5-80BD-D46E4801ECA9}.AppStore|Any CPU.Build.0 = Release|Any CPU
		{CED2EFDB-9864-4EC5-80BD-D46E4801ECA9}.AppStore|ARM.ActiveCfg = Release|Any CPU
		{CED2EFDB-9864-4EC5-80BD-D46E4801ECA9}.AppStore|ARM.Build.0 = Release|Any CPU
		{CED2EFDB-9864-4EC5-80BD-D46E4801ECA9}.AppStore|iPhone.ActiveCfg = Release|Any CPU
		{CED2EFDB-9864-4EC5-80BD-D46E4801ECA9}.AppStore|iPhone.Build.0 = Release|Any CPU
		{CED2EFDB-9864-4EC5-80BD-D46E4801ECA9}.AppStore|iPhoneSimulator.ActiveCfg = Release|Any CPU
		{CED2EFDB-9864-4EC5-80BD-D46E4801ECA9}.AppStore|iPhoneSimulator.Build.0 = Release|Any CPU
		{CED2EFDB-9864-4EC5-80BD-D46E4801ECA9}.AppStore|x64.ActiveCfg = Release|Any CPU
		{CED2EFDB-9864-4EC5-80BD-D46E4801ECA9}.AppStore|x64.Build.0 = Release|Any CPU
		{CED2EFDB-9864-4EC5-80BD-D46E4801ECA9}.AppStore|x86.ActiveCfg = Release|Any CPU
		{CED2EFDB-9864-4EC5-80BD-D46E4801ECA9}.AppStore|x86.Build.0 = Release|Any CPU
		{CED2EFDB-9864-4EC5-80BD-D46E4801ECA9}.Debug|Any CPU.ActiveCfg = Debug|Any CPU
		{CED2EFDB-9864-4EC5-80BD-D46E4801ECA9}.Debug|Any CPU.Build.0 = Debug|Any CPU
		{CED2EFDB-9864-4EC5-80BD-D46E4801ECA9}.Debug|ARM.ActiveCfg = Debug|Any CPU
		{CED2EFDB-9864-4EC5-80BD-D46E4801ECA9}.Debug|ARM.Build.0 = Debug|Any CPU
		{CED2EFDB-9864-4EC5-80BD-D46E4801ECA9}.Debug|iPhone.ActiveCfg = Debug|Any CPU
		{CED2EFDB-9864-4EC5-80BD-D46E4801ECA9}.Debug|iPhone.Build.0 = Debug|Any CPU
		{CED2EFDB-9864-4EC5-80BD-D46E4801ECA9}.Debug|iPhoneSimulator.ActiveCfg = Debug|Any CPU
		{CED2EFDB-9864-4EC5-80BD-D46E4801ECA9}.Debug|iPhoneSimulator.Build.0 = Debug|Any CPU
		{CED2EFDB-9864-4EC5-80BD-D46E4801ECA9}.Debug|x64.ActiveCfg = Debug|Any CPU
		{CED2EFDB-9864-4EC5-80BD-D46E4801ECA9}.Debug|x64.Build.0 = Debug|Any CPU
		{CED2EFDB-9864-4EC5-80BD-D46E4801ECA9}.Debug|x86.ActiveCfg = Debug|Any CPU
		{CED2EFDB-9864-4EC5-80BD-D46E4801ECA9}.Debug|x86.Build.0 = Debug|Any CPU
		{CED2EFDB-9864-4EC5-80BD-D46E4801ECA9}.Release|Any CPU.ActiveCfg = Release|Any CPU
		{CED2EFDB-9864-4EC5-80BD-D46E4801ECA9}.Release|Any CPU.Build.0 = Release|Any CPU
		{CED2EFDB-9864-4EC5-80BD-D46E4801ECA9}.Release|ARM.ActiveCfg = Release|Any CPU
		{CED2EFDB-9864-4EC5-80BD-D46E4801ECA9}.Release|ARM.Build.0 = Release|Any CPU
		{CED2EFDB-9864-4EC5-80BD-D46E4801ECA9}.Release|iPhone.ActiveCfg = Release|Any CPU
		{CED2EFDB-9864-4EC5-80BD-D46E4801ECA9}.Release|iPhone.Build.0 = Release|Any CPU
		{CED2EFDB-9864-4EC5-80BD-D46E4801ECA9}.Release|iPhoneSimulator.ActiveCfg = Release|Any CPU
		{CED2EFDB-9864-4EC5-80BD-D46E4801ECA9}.Release|iPhoneSimulator.Build.0 = Release|Any CPU
		{CED2EFDB-9864-4EC5-80BD-D46E4801ECA9}.Release|x64.ActiveCfg = Release|Any CPU
		{CED2EFDB-9864-4EC5-80BD-D46E4801ECA9}.Release|x64.Build.0 = Release|Any CPU
		{CED2EFDB-9864-4EC5-80BD-D46E4801ECA9}.Release|x86.ActiveCfg = Release|Any CPU
		{CED2EFDB-9864-4EC5-80BD-D46E4801ECA9}.Release|x86.Build.0 = Release|Any CPU
		{22008AF5-3F4D-4F27-AAB2-D70F569BFAE0}.Ad-Hoc|Any CPU.ActiveCfg = Release|Any CPU
		{22008AF5-3F4D-4F27-AAB2-D70F569BFAE0}.Ad-Hoc|Any CPU.Build.0 = Release|Any CPU
		{22008AF5-3F4D-4F27-AAB2-D70F569BFAE0}.Ad-Hoc|Any CPU.Deploy.0 = Release|Any CPU
		{22008AF5-3F4D-4F27-AAB2-D70F569BFAE0}.Ad-Hoc|ARM.ActiveCfg = Release|Any CPU
		{22008AF5-3F4D-4F27-AAB2-D70F569BFAE0}.Ad-Hoc|ARM.Build.0 = Release|Any CPU
		{22008AF5-3F4D-4F27-AAB2-D70F569BFAE0}.Ad-Hoc|ARM.Deploy.0 = Release|Any CPU
		{22008AF5-3F4D-4F27-AAB2-D70F569BFAE0}.Ad-Hoc|iPhone.ActiveCfg = Release|Any CPU
		{22008AF5-3F4D-4F27-AAB2-D70F569BFAE0}.Ad-Hoc|iPhone.Build.0 = Release|Any CPU
		{22008AF5-3F4D-4F27-AAB2-D70F569BFAE0}.Ad-Hoc|iPhone.Deploy.0 = Release|Any CPU
		{22008AF5-3F4D-4F27-AAB2-D70F569BFAE0}.Ad-Hoc|iPhoneSimulator.ActiveCfg = Release|Any CPU
		{22008AF5-3F4D-4F27-AAB2-D70F569BFAE0}.Ad-Hoc|iPhoneSimulator.Build.0 = Release|Any CPU
		{22008AF5-3F4D-4F27-AAB2-D70F569BFAE0}.Ad-Hoc|iPhoneSimulator.Deploy.0 = Release|Any CPU
		{22008AF5-3F4D-4F27-AAB2-D70F569BFAE0}.Ad-Hoc|x64.ActiveCfg = Release|Any CPU
		{22008AF5-3F4D-4F27-AAB2-D70F569BFAE0}.Ad-Hoc|x64.Build.0 = Release|Any CPU
		{22008AF5-3F4D-4F27-AAB2-D70F569BFAE0}.Ad-Hoc|x64.Deploy.0 = Release|Any CPU
		{22008AF5-3F4D-4F27-AAB2-D70F569BFAE0}.Ad-Hoc|x86.ActiveCfg = Release|Any CPU
		{22008AF5-3F4D-4F27-AAB2-D70F569BFAE0}.Ad-Hoc|x86.Build.0 = Release|Any CPU
		{22008AF5-3F4D-4F27-AAB2-D70F569BFAE0}.Ad-Hoc|x86.Deploy.0 = Release|Any CPU
		{22008AF5-3F4D-4F27-AAB2-D70F569BFAE0}.AppStore|Any CPU.ActiveCfg = Release|Any CPU
		{22008AF5-3F4D-4F27-AAB2-D70F569BFAE0}.AppStore|Any CPU.Build.0 = Release|Any CPU
		{22008AF5-3F4D-4F27-AAB2-D70F569BFAE0}.AppStore|Any CPU.Deploy.0 = Release|Any CPU
		{22008AF5-3F4D-4F27-AAB2-D70F569BFAE0}.AppStore|ARM.ActiveCfg = Release|Any CPU
		{22008AF5-3F4D-4F27-AAB2-D70F569BFAE0}.AppStore|ARM.Build.0 = Release|Any CPU
		{22008AF5-3F4D-4F27-AAB2-D70F569BFAE0}.AppStore|ARM.Deploy.0 = Release|Any CPU
		{22008AF5-3F4D-4F27-AAB2-D70F569BFAE0}.AppStore|iPhone.ActiveCfg = Release|Any CPU
		{22008AF5-3F4D-4F27-AAB2-D70F569BFAE0}.AppStore|iPhone.Build.0 = Release|Any CPU
		{22008AF5-3F4D-4F27-AAB2-D70F569BFAE0}.AppStore|iPhone.Deploy.0 = Release|Any CPU
		{22008AF5-3F4D-4F27-AAB2-D70F569BFAE0}.AppStore|iPhoneSimulator.ActiveCfg = Release|Any CPU
		{22008AF5-3F4D-4F27-AAB2-D70F569BFAE0}.AppStore|iPhoneSimulator.Build.0 = Release|Any CPU
		{22008AF5-3F4D-4F27-AAB2-D70F569BFAE0}.AppStore|iPhoneSimulator.Deploy.0 = Release|Any CPU
		{22008AF5-3F4D-4F27-AAB2-D70F569BFAE0}.AppStore|x64.ActiveCfg = Release|Any CPU
		{22008AF5-3F4D-4F27-AAB2-D70F569BFAE0}.AppStore|x64.Build.0 = Release|Any CPU
		{22008AF5-3F4D-4F27-AAB2-D70F569BFAE0}.AppStore|x64.Deploy.0 = Release|Any CPU
		{22008AF5-3F4D-4F27-AAB2-D70F569BFAE0}.AppStore|x86.ActiveCfg = Release|Any CPU
		{22008AF5-3F4D-4F27-AAB2-D70F569BFAE0}.AppStore|x86.Build.0 = Release|Any CPU
		{22008AF5-3F4D-4F27-AAB2-D70F569BFAE0}.AppStore|x86.Deploy.0 = Release|Any CPU
		{22008AF5-3F4D-4F27-AAB2-D70F569BFAE0}.Debug|Any CPU.ActiveCfg = Debug|Any CPU
		{22008AF5-3F4D-4F27-AAB2-D70F569BFAE0}.Debug|Any CPU.Build.0 = Debug|Any CPU
		{22008AF5-3F4D-4F27-AAB2-D70F569BFAE0}.Debug|Any CPU.Deploy.0 = Debug|Any CPU
		{22008AF5-3F4D-4F27-AAB2-D70F569BFAE0}.Debug|ARM.ActiveCfg = Debug|Any CPU
		{22008AF5-3F4D-4F27-AAB2-D70F569BFAE0}.Debug|ARM.Build.0 = Debug|Any CPU
		{22008AF5-3F4D-4F27-AAB2-D70F569BFAE0}.Debug|ARM.Deploy.0 = Debug|Any CPU
		{22008AF5-3F4D-4F27-AAB2-D70F569BFAE0}.Debug|iPhone.ActiveCfg = Debug|Any CPU
		{22008AF5-3F4D-4F27-AAB2-D70F569BFAE0}.Debug|iPhone.Build.0 = Debug|Any CPU
		{22008AF5-3F4D-4F27-AAB2-D70F569BFAE0}.Debug|iPhone.Deploy.0 = Debug|Any CPU
		{22008AF5-3F4D-4F27-AAB2-D70F569BFAE0}.Debug|iPhoneSimulator.ActiveCfg = Debug|Any CPU
		{22008AF5-3F4D-4F27-AAB2-D70F569BFAE0}.Debug|iPhoneSimulator.Build.0 = Debug|Any CPU
		{22008AF5-3F4D-4F27-AAB2-D70F569BFAE0}.Debug|iPhoneSimulator.Deploy.0 = Debug|Any CPU
		{22008AF5-3F4D-4F27-AAB2-D70F569BFAE0}.Debug|x64.ActiveCfg = Debug|Any CPU
		{22008AF5-3F4D-4F27-AAB2-D70F569BFAE0}.Debug|x64.Build.0 = Debug|Any CPU
		{22008AF5-3F4D-4F27-AAB2-D70F569BFAE0}.Debug|x64.Deploy.0 = Debug|Any CPU
		{22008AF5-3F4D-4F27-AAB2-D70F569BFAE0}.Debug|x86.ActiveCfg = Debug|Any CPU
		{22008AF5-3F4D-4F27-AAB2-D70F569BFAE0}.Debug|x86.Build.0 = Debug|Any CPU
		{22008AF5-3F4D-4F27-AAB2-D70F569BFAE0}.Debug|x86.Deploy.0 = Debug|Any CPU
		{22008AF5-3F4D-4F27-AAB2-D70F569BFAE0}.Release|Any CPU.ActiveCfg = Release|Any CPU
		{22008AF5-3F4D-4F27-AAB2-D70F569BFAE0}.Release|Any CPU.Build.0 = Release|Any CPU
		{22008AF5-3F4D-4F27-AAB2-D70F569BFAE0}.Release|Any CPU.Deploy.0 = Release|Any CPU
		{22008AF5-3F4D-4F27-AAB2-D70F569BFAE0}.Release|ARM.ActiveCfg = Release|Any CPU
		{22008AF5-3F4D-4F27-AAB2-D70F569BFAE0}.Release|ARM.Build.0 = Release|Any CPU
		{22008AF5-3F4D-4F27-AAB2-D70F569BFAE0}.Release|ARM.Deploy.0 = Release|Any CPU
		{22008AF5-3F4D-4F27-AAB2-D70F569BFAE0}.Release|iPhone.ActiveCfg = Release|Any CPU
		{22008AF5-3F4D-4F27-AAB2-D70F569BFAE0}.Release|iPhone.Build.0 = Release|Any CPU
		{22008AF5-3F4D-4F27-AAB2-D70F569BFAE0}.Release|iPhone.Deploy.0 = Release|Any CPU
		{22008AF5-3F4D-4F27-AAB2-D70F569BFAE0}.Release|iPhoneSimulator.ActiveCfg = Release|Any CPU
		{22008AF5-3F4D-4F27-AAB2-D70F569BFAE0}.Release|iPhoneSimulator.Build.0 = Release|Any CPU
		{22008AF5-3F4D-4F27-AAB2-D70F569BFAE0}.Release|iPhoneSimulator.Deploy.0 = Release|Any CPU
		{22008AF5-3F4D-4F27-AAB2-D70F569BFAE0}.Release|x64.ActiveCfg = Release|Any CPU
		{22008AF5-3F4D-4F27-AAB2-D70F569BFAE0}.Release|x64.Build.0 = Release|Any CPU
		{22008AF5-3F4D-4F27-AAB2-D70F569BFAE0}.Release|x64.Deploy.0 = Release|Any CPU
		{22008AF5-3F4D-4F27-AAB2-D70F569BFAE0}.Release|x86.ActiveCfg = Release|Any CPU
		{22008AF5-3F4D-4F27-AAB2-D70F569BFAE0}.Release|x86.Build.0 = Release|Any CPU
		{22008AF5-3F4D-4F27-AAB2-D70F569BFAE0}.Release|x86.Deploy.0 = Release|Any CPU
		{15650777-A3E8-42C9-95FA-9CDCE143C46E}.Ad-Hoc|Any CPU.ActiveCfg = Ad-Hoc|iPhone
		{15650777-A3E8-42C9-95FA-9CDCE143C46E}.Ad-Hoc|ARM.ActiveCfg = Ad-Hoc|iPhone
		{15650777-A3E8-42C9-95FA-9CDCE143C46E}.Ad-Hoc|iPhone.ActiveCfg = Ad-Hoc|iPhone
		{15650777-A3E8-42C9-95FA-9CDCE143C46E}.Ad-Hoc|iPhone.Build.0 = Ad-Hoc|iPhone
		{15650777-A3E8-42C9-95FA-9CDCE143C46E}.Ad-Hoc|iPhoneSimulator.ActiveCfg = Ad-Hoc|iPhoneSimulator
		{15650777-A3E8-42C9-95FA-9CDCE143C46E}.Ad-Hoc|iPhoneSimulator.Build.0 = Ad-Hoc|iPhoneSimulator
		{15650777-A3E8-42C9-95FA-9CDCE143C46E}.Ad-Hoc|x64.ActiveCfg = Ad-Hoc|iPhone
		{15650777-A3E8-42C9-95FA-9CDCE143C46E}.Ad-Hoc|x86.ActiveCfg = Ad-Hoc|iPhone
		{15650777-A3E8-42C9-95FA-9CDCE143C46E}.AppStore|Any CPU.ActiveCfg = AppStore|iPhone
		{15650777-A3E8-42C9-95FA-9CDCE143C46E}.AppStore|ARM.ActiveCfg = AppStore|iPhone
		{15650777-A3E8-42C9-95FA-9CDCE143C46E}.AppStore|iPhone.ActiveCfg = AppStore|iPhone
		{15650777-A3E8-42C9-95FA-9CDCE143C46E}.AppStore|iPhone.Build.0 = AppStore|iPhone
		{15650777-A3E8-42C9-95FA-9CDCE143C46E}.AppStore|iPhoneSimulator.ActiveCfg = AppStore|iPhoneSimulator
		{15650777-A3E8-42C9-95FA-9CDCE143C46E}.AppStore|iPhoneSimulator.Build.0 = AppStore|iPhoneSimulator
		{15650777-A3E8-42C9-95FA-9CDCE143C46E}.AppStore|x64.ActiveCfg = AppStore|iPhone
		{15650777-A3E8-42C9-95FA-9CDCE143C46E}.AppStore|x86.ActiveCfg = AppStore|iPhone
		{15650777-A3E8-42C9-95FA-9CDCE143C46E}.Debug|Any CPU.ActiveCfg = Debug|iPhone
		{15650777-A3E8-42C9-95FA-9CDCE143C46E}.Debug|ARM.ActiveCfg = Debug|iPhone
		{15650777-A3E8-42C9-95FA-9CDCE143C46E}.Debug|iPhone.ActiveCfg = Debug|iPhone
		{15650777-A3E8-42C9-95FA-9CDCE143C46E}.Debug|iPhone.Build.0 = Debug|iPhone
		{15650777-A3E8-42C9-95FA-9CDCE143C46E}.Debug|iPhoneSimulator.ActiveCfg = Debug|iPhoneSimulator
		{15650777-A3E8-42C9-95FA-9CDCE143C46E}.Debug|iPhoneSimulator.Build.0 = Debug|iPhoneSimulator
		{15650777-A3E8-42C9-95FA-9CDCE143C46E}.Debug|x64.ActiveCfg = Debug|iPhone
		{15650777-A3E8-42C9-95FA-9CDCE143C46E}.Debug|x86.ActiveCfg = Debug|iPhone
		{15650777-A3E8-42C9-95FA-9CDCE143C46E}.Release|Any CPU.ActiveCfg = Release|iPhone
		{15650777-A3E8-42C9-95FA-9CDCE143C46E}.Release|ARM.ActiveCfg = Release|iPhone
		{15650777-A3E8-42C9-95FA-9CDCE143C46E}.Release|iPhone.ActiveCfg = Release|iPhone
		{15650777-A3E8-42C9-95FA-9CDCE143C46E}.Release|iPhone.Build.0 = Release|iPhone
		{15650777-A3E8-42C9-95FA-9CDCE143C46E}.Release|iPhoneSimulator.ActiveCfg = Release|iPhoneSimulator
		{15650777-A3E8-42C9-95FA-9CDCE143C46E}.Release|iPhoneSimulator.Build.0 = Release|iPhoneSimulator
		{15650777-A3E8-42C9-95FA-9CDCE143C46E}.Release|x64.ActiveCfg = Release|iPhone
		{15650777-A3E8-42C9-95FA-9CDCE143C46E}.Release|x86.ActiveCfg = Release|iPhone
		{DC608B92-9E13-46EE-A332-2FECEFCD05F8}.Ad-Hoc|Any CPU.ActiveCfg = Release|x86
		{DC608B92-9E13-46EE-A332-2FECEFCD05F8}.Ad-Hoc|Any CPU.Build.0 = Release|x86
		{DC608B92-9E13-46EE-A332-2FECEFCD05F8}.Ad-Hoc|Any CPU.Deploy.0 = Release|x86
		{DC608B92-9E13-46EE-A332-2FECEFCD05F8}.Ad-Hoc|ARM.ActiveCfg = Release|ARM
		{DC608B92-9E13-46EE-A332-2FECEFCD05F8}.Ad-Hoc|ARM.Build.0 = Release|ARM
		{DC608B92-9E13-46EE-A332-2FECEFCD05F8}.Ad-Hoc|ARM.Deploy.0 = Release|ARM
		{DC608B92-9E13-46EE-A332-2FECEFCD05F8}.Ad-Hoc|iPhone.ActiveCfg = Release|x86
		{DC608B92-9E13-46EE-A332-2FECEFCD05F8}.Ad-Hoc|iPhone.Build.0 = Release|x86
		{DC608B92-9E13-46EE-A332-2FECEFCD05F8}.Ad-Hoc|iPhone.Deploy.0 = Release|x86
		{DC608B92-9E13-46EE-A332-2FECEFCD05F8}.Ad-Hoc|iPhoneSimulator.ActiveCfg = Release|x86
		{DC608B92-9E13-46EE-A332-2FECEFCD05F8}.Ad-Hoc|iPhoneSimulator.Build.0 = Release|x86
		{DC608B92-9E13-46EE-A332-2FECEFCD05F8}.Ad-Hoc|iPhoneSimulator.Deploy.0 = Release|x86
		{DC608B92-9E13-46EE-A332-2FECEFCD05F8}.Ad-Hoc|x64.ActiveCfg = Release|x64
		{DC608B92-9E13-46EE-A332-2FECEFCD05F8}.Ad-Hoc|x64.Build.0 = Release|x64
		{DC608B92-9E13-46EE-A332-2FECEFCD05F8}.Ad-Hoc|x64.Deploy.0 = Release|x64
		{DC608B92-9E13-46EE-A332-2FECEFCD05F8}.Ad-Hoc|x86.ActiveCfg = Release|x86
		{DC608B92-9E13-46EE-A332-2FECEFCD05F8}.Ad-Hoc|x86.Build.0 = Release|x86
		{DC608B92-9E13-46EE-A332-2FECEFCD05F8}.Ad-Hoc|x86.Deploy.0 = Release|x86
		{DC608B92-9E13-46EE-A332-2FECEFCD05F8}.AppStore|Any CPU.ActiveCfg = Release|x86
		{DC608B92-9E13-46EE-A332-2FECEFCD05F8}.AppStore|Any CPU.Build.0 = Release|x86
		{DC608B92-9E13-46EE-A332-2FECEFCD05F8}.AppStore|Any CPU.Deploy.0 = Release|x86
		{DC608B92-9E13-46EE-A332-2FECEFCD05F8}.AppStore|ARM.ActiveCfg = Release|ARM
		{DC608B92-9E13-46EE-A332-2FECEFCD05F8}.AppStore|ARM.Build.0 = Release|ARM
		{DC608B92-9E13-46EE-A332-2FECEFCD05F8}.AppStore|ARM.Deploy.0 = Release|ARM
		{DC608B92-9E13-46EE-A332-2FECEFCD05F8}.AppStore|iPhone.ActiveCfg = Release|x86
		{DC608B92-9E13-46EE-A332-2FECEFCD05F8}.AppStore|iPhone.Build.0 = Release|x86
		{DC608B92-9E13-46EE-A332-2FECEFCD05F8}.AppStore|iPhone.Deploy.0 = Release|x86
		{DC608B92-9E13-46EE-A332-2FECEFCD05F8}.AppStore|iPhoneSimulator.ActiveCfg = Release|x86
		{DC608B92-9E13-46EE-A332-2FECEFCD05F8}.AppStore|iPhoneSimulator.Build.0 = Release|x86
		{DC608B92-9E13-46EE-A332-2FECEFCD05F8}.AppStore|iPhoneSimulator.Deploy.0 = Release|x86
		{DC608B92-9E13-46EE-A332-2FECEFCD05F8}.AppStore|x64.ActiveCfg = Release|x64
		{DC608B92-9E13-46EE-A332-2FECEFCD05F8}.AppStore|x64.Build.0 = Release|x64
		{DC608B92-9E13-46EE-A332-2FECEFCD05F8}.AppStore|x64.Deploy.0 = Release|x64
		{DC608B92-9E13-46EE-A332-2FECEFCD05F8}.AppStore|x86.ActiveCfg = Release|x86
		{DC608B92-9E13-46EE-A332-2FECEFCD05F8}.AppStore|x86.Build.0 = Release|x86
		{DC608B92-9E13-46EE-A332-2FECEFCD05F8}.AppStore|x86.Deploy.0 = Release|x86
		{DC608B92-9E13-46EE-A332-2FECEFCD05F8}.Debug|Any CPU.ActiveCfg = Debug|x86
		{DC608B92-9E13-46EE-A332-2FECEFCD05F8}.Debug|Any CPU.Build.0 = Debug|x86
		{DC608B92-9E13-46EE-A332-2FECEFCD05F8}.Debug|Any CPU.Deploy.0 = Debug|x86
		{DC608B92-9E13-46EE-A332-2FECEFCD05F8}.Debug|ARM.ActiveCfg = Debug|ARM
		{DC608B92-9E13-46EE-A332-2FECEFCD05F8}.Debug|ARM.Build.0 = Debug|ARM
		{DC608B92-9E13-46EE-A332-2FECEFCD05F8}.Debug|ARM.Deploy.0 = Debug|ARM
		{DC608B92-9E13-46EE-A332-2FECEFCD05F8}.Debug|iPhone.ActiveCfg = Debug|x86
		{DC608B92-9E13-46EE-A332-2FECEFCD05F8}.Debug|iPhone.Build.0 = Debug|x86
		{DC608B92-9E13-46EE-A332-2FECEFCD05F8}.Debug|iPhone.Deploy.0 = Debug|x86
		{DC608B92-9E13-46EE-A332-2FECEFCD05F8}.Debug|iPhoneSimulator.ActiveCfg = Debug|x86
		{DC608B92-9E13-46EE-A332-2FECEFCD05F8}.Debug|x64.ActiveCfg = Debug|x64
		{DC608B92-9E13-46EE-A332-2FECEFCD05F8}.Debug|x64.Build.0 = Debug|x64
		{DC608B92-9E13-46EE-A332-2FECEFCD05F8}.Debug|x64.Deploy.0 = Debug|x64
		{DC608B92-9E13-46EE-A332-2FECEFCD05F8}.Debug|x86.ActiveCfg = Debug|x86
		{DC608B92-9E13-46EE-A332-2FECEFCD05F8}.Debug|x86.Build.0 = Debug|x86
		{DC608B92-9E13-46EE-A332-2FECEFCD05F8}.Debug|x86.Deploy.0 = Debug|x86
		{DC608B92-9E13-46EE-A332-2FECEFCD05F8}.Release|Any CPU.ActiveCfg = Release|x86
		{DC608B92-9E13-46EE-A332-2FECEFCD05F8}.Release|Any CPU.Build.0 = Release|x86
		{DC608B92-9E13-46EE-A332-2FECEFCD05F8}.Release|Any CPU.Deploy.0 = Release|x86
		{DC608B92-9E13-46EE-A332-2FECEFCD05F8}.Release|ARM.ActiveCfg = Release|ARM
		{DC608B92-9E13-46EE-A332-2FECEFCD05F8}.Release|ARM.Build.0 = Release|ARM
		{DC608B92-9E13-46EE-A332-2FECEFCD05F8}.Release|ARM.Deploy.0 = Release|ARM
		{DC608B92-9E13-46EE-A332-2FECEFCD05F8}.Release|iPhone.ActiveCfg = Release|x86
		{DC608B92-9E13-46EE-A332-2FECEFCD05F8}.Release|iPhone.Build.0 = Release|x86
		{DC608B92-9E13-46EE-A332-2FECEFCD05F8}.Release|iPhone.Deploy.0 = Release|x86
		{DC608B92-9E13-46EE-A332-2FECEFCD05F8}.Release|iPhoneSimulator.ActiveCfg = Release|x86
		{DC608B92-9E13-46EE-A332-2FECEFCD05F8}.Release|x64.ActiveCfg = Release|x64
		{DC608B92-9E13-46EE-A332-2FECEFCD05F8}.Release|x64.Build.0 = Release|x64
		{DC608B92-9E13-46EE-A332-2FECEFCD05F8}.Release|x64.Deploy.0 = Release|x64
		{DC608B92-9E13-46EE-A332-2FECEFCD05F8}.Release|x86.ActiveCfg = Release|x86
		{DC608B92-9E13-46EE-A332-2FECEFCD05F8}.Release|x86.Build.0 = Release|x86
		{DC608B92-9E13-46EE-A332-2FECEFCD05F8}.Release|x86.Deploy.0 = Release|x86
		{5BDE141F-8579-409C-A63E-05A1F85E8C20}.Ad-Hoc|Any CPU.ActiveCfg = Release|Any CPU
		{5BDE141F-8579-409C-A63E-05A1F85E8C20}.Ad-Hoc|Any CPU.Build.0 = Release|Any CPU
		{5BDE141F-8579-409C-A63E-05A1F85E8C20}.Ad-Hoc|Any CPU.Deploy.0 = Release|Any CPU
		{5BDE141F-8579-409C-A63E-05A1F85E8C20}.Ad-Hoc|ARM.ActiveCfg = Release|ARM
		{5BDE141F-8579-409C-A63E-05A1F85E8C20}.Ad-Hoc|ARM.Build.0 = Release|ARM
		{5BDE141F-8579-409C-A63E-05A1F85E8C20}.Ad-Hoc|ARM.Deploy.0 = Release|ARM
		{5BDE141F-8579-409C-A63E-05A1F85E8C20}.Ad-Hoc|iPhone.ActiveCfg = Release|Any CPU
		{5BDE141F-8579-409C-A63E-05A1F85E8C20}.Ad-Hoc|iPhone.Build.0 = Release|Any CPU
		{5BDE141F-8579-409C-A63E-05A1F85E8C20}.Ad-Hoc|iPhone.Deploy.0 = Release|Any CPU
		{5BDE141F-8579-409C-A63E-05A1F85E8C20}.Ad-Hoc|iPhoneSimulator.ActiveCfg = Release|Any CPU
		{5BDE141F-8579-409C-A63E-05A1F85E8C20}.Ad-Hoc|iPhoneSimulator.Build.0 = Release|Any CPU
		{5BDE141F-8579-409C-A63E-05A1F85E8C20}.Ad-Hoc|iPhoneSimulator.Deploy.0 = Release|Any CPU
		{5BDE141F-8579-409C-A63E-05A1F85E8C20}.Ad-Hoc|x64.ActiveCfg = Release|x64
		{5BDE141F-8579-409C-A63E-05A1F85E8C20}.Ad-Hoc|x64.Build.0 = Release|x64
		{5BDE141F-8579-409C-A63E-05A1F85E8C20}.Ad-Hoc|x64.Deploy.0 = Release|x64
		{5BDE141F-8579-409C-A63E-05A1F85E8C20}.Ad-Hoc|x86.ActiveCfg = Release|x86
		{5BDE141F-8579-409C-A63E-05A1F85E8C20}.Ad-Hoc|x86.Build.0 = Release|x86
		{5BDE141F-8579-409C-A63E-05A1F85E8C20}.Ad-Hoc|x86.Deploy.0 = Release|x86
		{5BDE141F-8579-409C-A63E-05A1F85E8C20}.AppStore|Any CPU.ActiveCfg = Release|Any CPU
		{5BDE141F-8579-409C-A63E-05A1F85E8C20}.AppStore|Any CPU.Build.0 = Release|Any CPU
		{5BDE141F-8579-409C-A63E-05A1F85E8C20}.AppStore|Any CPU.Deploy.0 = Release|Any CPU
		{5BDE141F-8579-409C-A63E-05A1F85E8C20}.AppStore|ARM.ActiveCfg = Release|ARM
		{5BDE141F-8579-409C-A63E-05A1F85E8C20}.AppStore|ARM.Build.0 = Release|ARM
		{5BDE141F-8579-409C-A63E-05A1F85E8C20}.AppStore|ARM.Deploy.0 = Release|ARM
		{5BDE141F-8579-409C-A63E-05A1F85E8C20}.AppStore|iPhone.ActiveCfg = Release|Any CPU
		{5BDE141F-8579-409C-A63E-05A1F85E8C20}.AppStore|iPhone.Build.0 = Release|Any CPU
		{5BDE141F-8579-409C-A63E-05A1F85E8C20}.AppStore|iPhone.Deploy.0 = Release|Any CPU
		{5BDE141F-8579-409C-A63E-05A1F85E8C20}.AppStore|iPhoneSimulator.ActiveCfg = Release|Any CPU
		{5BDE141F-8579-409C-A63E-05A1F85E8C20}.AppStore|iPhoneSimulator.Build.0 = Release|Any CPU
		{5BDE141F-8579-409C-A63E-05A1F85E8C20}.AppStore|iPhoneSimulator.Deploy.0 = Release|Any CPU
		{5BDE141F-8579-409C-A63E-05A1F85E8C20}.AppStore|x64.ActiveCfg = Release|x64
		{5BDE141F-8579-409C-A63E-05A1F85E8C20}.AppStore|x64.Build.0 = Release|x64
		{5BDE141F-8579-409C-A63E-05A1F85E8C20}.AppStore|x64.Deploy.0 = Release|x64
		{5BDE141F-8579-409C-A63E-05A1F85E8C20}.AppStore|x86.ActiveCfg = Release|x86
		{5BDE141F-8579-409C-A63E-05A1F85E8C20}.AppStore|x86.Build.0 = Release|x86
		{5BDE141F-8579-409C-A63E-05A1F85E8C20}.AppStore|x86.Deploy.0 = Release|x86
		{5BDE141F-8579-409C-A63E-05A1F85E8C20}.Debug|Any CPU.ActiveCfg = Debug|Any CPU
		{5BDE141F-8579-409C-A63E-05A1F85E8C20}.Debug|Any CPU.Build.0 = Debug|Any CPU
		{5BDE141F-8579-409C-A63E-05A1F85E8C20}.Debug|Any CPU.Deploy.0 = Debug|Any CPU
		{5BDE141F-8579-409C-A63E-05A1F85E8C20}.Debug|ARM.ActiveCfg = Debug|ARM
		{5BDE141F-8579-409C-A63E-05A1F85E8C20}.Debug|ARM.Build.0 = Debug|ARM
		{5BDE141F-8579-409C-A63E-05A1F85E8C20}.Debug|ARM.Deploy.0 = Debug|ARM
		{5BDE141F-8579-409C-A63E-05A1F85E8C20}.Debug|iPhone.ActiveCfg = Debug|Any CPU
		{5BDE141F-8579-409C-A63E-05A1F85E8C20}.Debug|iPhone.Build.0 = Debug|Any CPU
		{5BDE141F-8579-409C-A63E-05A1F85E8C20}.Debug|iPhone.Deploy.0 = Debug|Any CPU
		{5BDE141F-8579-409C-A63E-05A1F85E8C20}.Debug|iPhoneSimulator.ActiveCfg = Debug|Any CPU
		{5BDE141F-8579-409C-A63E-05A1F85E8C20}.Debug|iPhoneSimulator.Build.0 = Debug|Any CPU
		{5BDE141F-8579-409C-A63E-05A1F85E8C20}.Debug|iPhoneSimulator.Deploy.0 = Debug|Any CPU
		{5BDE141F-8579-409C-A63E-05A1F85E8C20}.Debug|x64.ActiveCfg = Debug|x64
		{5BDE141F-8579-409C-A63E-05A1F85E8C20}.Debug|x64.Build.0 = Debug|x64
		{5BDE141F-8579-409C-A63E-05A1F85E8C20}.Debug|x64.Deploy.0 = Debug|x64
		{5BDE141F-8579-409C-A63E-05A1F85E8C20}.Debug|x86.ActiveCfg = Debug|x86
		{5BDE141F-8579-409C-A63E-05A1F85E8C20}.Debug|x86.Build.0 = Debug|x86
		{5BDE141F-8579-409C-A63E-05A1F85E8C20}.Debug|x86.Deploy.0 = Debug|x86
		{5BDE141F-8579-409C-A63E-05A1F85E8C20}.Release|Any CPU.ActiveCfg = Release|Any CPU
		{5BDE141F-8579-409C-A63E-05A1F85E8C20}.Release|Any CPU.Build.0 = Release|Any CPU
		{5BDE141F-8579-409C-A63E-05A1F85E8C20}.Release|Any CPU.Deploy.0 = Release|Any CPU
		{5BDE141F-8579-409C-A63E-05A1F85E8C20}.Release|ARM.ActiveCfg = Release|ARM
		{5BDE141F-8579-409C-A63E-05A1F85E8C20}.Release|ARM.Build.0 = Release|ARM
		{5BDE141F-8579-409C-A63E-05A1F85E8C20}.Release|ARM.Deploy.0 = Release|ARM
		{5BDE141F-8579-409C-A63E-05A1F85E8C20}.Release|iPhone.ActiveCfg = Release|Any CPU
		{5BDE141F-8579-409C-A63E-05A1F85E8C20}.Release|iPhone.Build.0 = Release|Any CPU
		{5BDE141F-8579-409C-A63E-05A1F85E8C20}.Release|iPhone.Deploy.0 = Release|Any CPU
		{5BDE141F-8579-409C-A63E-05A1F85E8C20}.Release|iPhoneSimulator.ActiveCfg = Release|Any CPU
		{5BDE141F-8579-409C-A63E-05A1F85E8C20}.Release|iPhoneSimulator.Build.0 = Release|Any CPU
		{5BDE141F-8579-409C-A63E-05A1F85E8C20}.Release|iPhoneSimulator.Deploy.0 = Release|Any CPU
		{5BDE141F-8579-409C-A63E-05A1F85E8C20}.Release|x64.ActiveCfg = Release|x64
		{5BDE141F-8579-409C-A63E-05A1F85E8C20}.Release|x64.Build.0 = Release|x64
		{5BDE141F-8579-409C-A63E-05A1F85E8C20}.Release|x64.Deploy.0 = Release|x64
		{5BDE141F-8579-409C-A63E-05A1F85E8C20}.Release|x86.ActiveCfg = Release|x86
		{5BDE141F-8579-409C-A63E-05A1F85E8C20}.Release|x86.Build.0 = Release|x86
		{5BDE141F-8579-409C-A63E-05A1F85E8C20}.Release|x86.Deploy.0 = Release|x86
		{F762723A-5969-46C1-BA10-C375C8F75B79}.Ad-Hoc|Any CPU.ActiveCfg = Release|Any CPU
		{F762723A-5969-46C1-BA10-C375C8F75B79}.Ad-Hoc|Any CPU.Build.0 = Release|Any CPU
		{F762723A-5969-46C1-BA10-C375C8F75B79}.Ad-Hoc|ARM.ActiveCfg = Release|Any CPU
		{F762723A-5969-46C1-BA10-C375C8F75B79}.Ad-Hoc|ARM.Build.0 = Release|Any CPU
		{F762723A-5969-46C1-BA10-C375C8F75B79}.Ad-Hoc|iPhone.ActiveCfg = Release|Any CPU
		{F762723A-5969-46C1-BA10-C375C8F75B79}.Ad-Hoc|iPhone.Build.0 = Release|Any CPU
		{F762723A-5969-46C1-BA10-C375C8F75B79}.Ad-Hoc|iPhoneSimulator.ActiveCfg = Release|Any CPU
		{F762723A-5969-46C1-BA10-C375C8F75B79}.Ad-Hoc|iPhoneSimulator.Build.0 = Release|Any CPU
		{F762723A-5969-46C1-BA10-C375C8F75B79}.Ad-Hoc|x64.ActiveCfg = Release|Any CPU
		{F762723A-5969-46C1-BA10-C375C8F75B79}.Ad-Hoc|x64.Build.0 = Release|Any CPU
		{F762723A-5969-46C1-BA10-C375C8F75B79}.Ad-Hoc|x86.ActiveCfg = Release|Any CPU
		{F762723A-5969-46C1-BA10-C375C8F75B79}.Ad-Hoc|x86.Build.0 = Release|Any CPU
		{F762723A-5969-46C1-BA10-C375C8F75B79}.AppStore|Any CPU.ActiveCfg = Release|Any CPU
		{F762723A-5969-46C1-BA10-C375C8F75B79}.AppStore|Any CPU.Build.0 = Release|Any CPU
		{F762723A-5969-46C1-BA10-C375C8F75B79}.AppStore|ARM.ActiveCfg = Release|Any CPU
		{F762723A-5969-46C1-BA10-C375C8F75B79}.AppStore|ARM.Build.0 = Release|Any CPU
		{F762723A-5969-46C1-BA10-C375C8F75B79}.AppStore|iPhone.ActiveCfg = Release|Any CPU
		{F762723A-5969-46C1-BA10-C375C8F75B79}.AppStore|iPhone.Build.0 = Release|Any CPU
		{F762723A-5969-46C1-BA10-C375C8F75B79}.AppStore|iPhoneSimulator.ActiveCfg = Release|Any CPU
		{F762723A-5969-46C1-BA10-C375C8F75B79}.AppStore|iPhoneSimulator.Build.0 = Release|Any CPU
		{F762723A-5969-46C1-BA10-C375C8F75B79}.AppStore|x64.ActiveCfg = Release|Any CPU
		{F762723A-5969-46C1-BA10-C375C8F75B79}.AppStore|x64.Build.0 = Release|Any CPU
		{F762723A-5969-46C1-BA10-C375C8F75B79}.AppStore|x86.ActiveCfg = Release|Any CPU
		{F762723A-5969-46C1-BA10-C375C8F75B79}.AppStore|x86.Build.0 = Release|Any CPU
		{F762723A-5969-46C1-BA10-C375C8F75B79}.Debug|Any CPU.ActiveCfg = Debug|Any CPU
		{F762723A-5969-46C1-BA10-C375C8F75B79}.Debug|Any CPU.Build.0 = Debug|Any CPU
		{F762723A-5969-46C1-BA10-C375C8F75B79}.Debug|ARM.ActiveCfg = Debug|Any CPU
		{F762723A-5969-46C1-BA10-C375C8F75B79}.Debug|ARM.Build.0 = Debug|Any CPU
		{F762723A-5969-46C1-BA10-C375C8F75B79}.Debug|iPhone.ActiveCfg = Debug|Any CPU
		{F762723A-5969-46C1-BA10-C375C8F75B79}.Debug|iPhone.Build.0 = Debug|Any CPU
		{F762723A-5969-46C1-BA10-C375C8F75B79}.Debug|iPhoneSimulator.ActiveCfg = Debug|Any CPU
		{F762723A-5969-46C1-BA10-C375C8F75B79}.Debug|iPhoneSimulator.Build.0 = Debug|Any CPU
		{F762723A-5969-46C1-BA10-C375C8F75B79}.Debug|x64.ActiveCfg = Debug|Any CPU
		{F762723A-5969-46C1-BA10-C375C8F75B79}.Debug|x64.Build.0 = Debug|Any CPU
		{F762723A-5969-46C1-BA10-C375C8F75B79}.Debug|x86.ActiveCfg = Debug|Any CPU
		{F762723A-5969-46C1-BA10-C375C8F75B79}.Debug|x86.Build.0 = Debug|Any CPU
		{F762723A-5969-46C1-BA10-C375C8F75B79}.Release|Any CPU.ActiveCfg = Release|Any CPU
		{F762723A-5969-46C1-BA10-C375C8F75B79}.Release|Any CPU.Build.0 = Release|Any CPU
		{F762723A-5969-46C1-BA10-C375C8F75B79}.Release|ARM.ActiveCfg = Release|Any CPU
		{F762723A-5969-46C1-BA10-C375C8F75B79}.Release|ARM.Build.0 = Release|Any CPU
		{F762723A-5969-46C1-BA10-C375C8F75B79}.Release|iPhone.ActiveCfg = Release|Any CPU
		{F762723A-5969-46C1-BA10-C375C8F75B79}.Release|iPhone.Build.0 = Release|Any CPU
		{F762723A-5969-46C1-BA10-C375C8F75B79}.Release|iPhoneSimulator.ActiveCfg = Release|Any CPU
		{F762723A-5969-46C1-BA10-C375C8F75B79}.Release|iPhoneSimulator.Build.0 = Release|Any CPU
		{F762723A-5969-46C1-BA10-C375C8F75B79}.Release|x64.ActiveCfg = Release|Any CPU
		{F762723A-5969-46C1-BA10-C375C8F75B79}.Release|x64.Build.0 = Release|Any CPU
		{F762723A-5969-46C1-BA10-C375C8F75B79}.Release|x86.ActiveCfg = Release|Any CPU
		{F762723A-5969-46C1-BA10-C375C8F75B79}.Release|x86.Build.0 = Release|Any CPU
		{359547F8-2FF3-4504-90A3-57110A89F94F}.Ad-Hoc|Any CPU.ActiveCfg = Release|Any CPU
		{359547F8-2FF3-4504-90A3-57110A89F94F}.Ad-Hoc|Any CPU.Build.0 = Release|Any CPU
		{359547F8-2FF3-4504-90A3-57110A89F94F}.Ad-Hoc|ARM.ActiveCfg = Release|Any CPU
		{359547F8-2FF3-4504-90A3-57110A89F94F}.Ad-Hoc|ARM.Build.0 = Release|Any CPU
		{359547F8-2FF3-4504-90A3-57110A89F94F}.Ad-Hoc|iPhone.ActiveCfg = Release|Any CPU
		{359547F8-2FF3-4504-90A3-57110A89F94F}.Ad-Hoc|iPhone.Build.0 = Release|Any CPU
		{359547F8-2FF3-4504-90A3-57110A89F94F}.Ad-Hoc|iPhoneSimulator.ActiveCfg = Release|Any CPU
		{359547F8-2FF3-4504-90A3-57110A89F94F}.Ad-Hoc|iPhoneSimulator.Build.0 = Release|Any CPU
		{359547F8-2FF3-4504-90A3-57110A89F94F}.Ad-Hoc|x64.ActiveCfg = Release|Any CPU
		{359547F8-2FF3-4504-90A3-57110A89F94F}.Ad-Hoc|x64.Build.0 = Release|Any CPU
		{359547F8-2FF3-4504-90A3-57110A89F94F}.Ad-Hoc|x86.ActiveCfg = Release|Any CPU
		{359547F8-2FF3-4504-90A3-57110A89F94F}.Ad-Hoc|x86.Build.0 = Release|Any CPU
		{359547F8-2FF3-4504-90A3-57110A89F94F}.AppStore|Any CPU.ActiveCfg = Release|Any CPU
		{359547F8-2FF3-4504-90A3-57110A89F94F}.AppStore|Any CPU.Build.0 = Release|Any CPU
		{359547F8-2FF3-4504-90A3-57110A89F94F}.AppStore|ARM.ActiveCfg = Release|Any CPU
		{359547F8-2FF3-4504-90A3-57110A89F94F}.AppStore|ARM.Build.0 = Release|Any CPU
		{359547F8-2FF3-4504-90A3-57110A89F94F}.AppStore|iPhone.ActiveCfg = Release|Any CPU
		{359547F8-2FF3-4504-90A3-57110A89F94F}.AppStore|iPhone.Build.0 = Release|Any CPU
		{359547F8-2FF3-4504-90A3-57110A89F94F}.AppStore|iPhoneSimulator.ActiveCfg = Release|Any CPU
		{359547F8-2FF3-4504-90A3-57110A89F94F}.AppStore|iPhoneSimulator.Build.0 = Release|Any CPU
		{359547F8-2FF3-4504-90A3-57110A89F94F}.AppStore|x64.ActiveCfg = Release|Any CPU
		{359547F8-2FF3-4504-90A3-57110A89F94F}.AppStore|x64.Build.0 = Release|Any CPU
		{359547F8-2FF3-4504-90A3-57110A89F94F}.AppStore|x86.ActiveCfg = Release|Any CPU
		{359547F8-2FF3-4504-90A3-57110A89F94F}.AppStore|x86.Build.0 = Release|Any CPU
		{359547F8-2FF3-4504-90A3-57110A89F94F}.Debug|Any CPU.ActiveCfg = Debug|Any CPU
		{359547F8-2FF3-4504-90A3-57110A89F94F}.Debug|Any CPU.Build.0 = Debug|Any CPU
		{359547F8-2FF3-4504-90A3-57110A89F94F}.Debug|ARM.ActiveCfg = Debug|Any CPU
		{359547F8-2FF3-4504-90A3-57110A89F94F}.Debug|ARM.Build.0 = Debug|Any CPU
		{359547F8-2FF3-4504-90A3-57110A89F94F}.Debug|iPhone.ActiveCfg = Debug|Any CPU
		{359547F8-2FF3-4504-90A3-57110A89F94F}.Debug|iPhone.Build.0 = Debug|Any CPU
		{359547F8-2FF3-4504-90A3-57110A89F94F}.Debug|iPhoneSimulator.ActiveCfg = Debug|Any CPU
		{359547F8-2FF3-4504-90A3-57110A89F94F}.Debug|iPhoneSimulator.Build.0 = Debug|Any CPU
		{359547F8-2FF3-4504-90A3-57110A89F94F}.Debug|x64.ActiveCfg = Debug|Any CPU
		{359547F8-2FF3-4504-90A3-57110A89F94F}.Debug|x64.Build.0 = Debug|Any CPU
		{359547F8-2FF3-4504-90A3-57110A89F94F}.Debug|x86.ActiveCfg = Debug|Any CPU
		{359547F8-2FF3-4504-90A3-57110A89F94F}.Debug|x86.Build.0 = Debug|Any CPU
		{359547F8-2FF3-4504-90A3-57110A89F94F}.Release|Any CPU.ActiveCfg = Release|Any CPU
		{359547F8-2FF3-4504-90A3-57110A89F94F}.Release|Any CPU.Build.0 = Release|Any CPU
		{359547F8-2FF3-4504-90A3-57110A89F94F}.Release|ARM.ActiveCfg = Release|Any CPU
		{359547F8-2FF3-4504-90A3-57110A89F94F}.Release|ARM.Build.0 = Release|Any CPU
		{359547F8-2FF3-4504-90A3-57110A89F94F}.Release|iPhone.ActiveCfg = Release|Any CPU
		{359547F8-2FF3-4504-90A3-57110A89F94F}.Release|iPhone.Build.0 = Release|Any CPU
		{359547F8-2FF3-4504-90A3-57110A89F94F}.Release|iPhoneSimulator.ActiveCfg = Release|Any CPU
		{359547F8-2FF3-4504-90A3-57110A89F94F}.Release|iPhoneSimulator.Build.0 = Release|Any CPU
		{359547F8-2FF3-4504-90A3-57110A89F94F}.Release|x64.ActiveCfg = Release|Any CPU
		{359547F8-2FF3-4504-90A3-57110A89F94F}.Release|x64.Build.0 = Release|Any CPU
		{359547F8-2FF3-4504-90A3-57110A89F94F}.Release|x86.ActiveCfg = Release|Any CPU
		{359547F8-2FF3-4504-90A3-57110A89F94F}.Release|x86.Build.0 = Release|Any CPU
	EndGlobalSection
	GlobalSection(SolutionProperties) = preSolution
		HideSolutionNode = FALSE
	EndGlobalSection
EndGlobal
